{
  "name": "5-node",
  "version": "1.0.0",
  "lockfileVersion": 1,
  "requires": true,
  "dependencies": {
    "kvantorium-example-module": {
      "version": "1.0.0",
      "resolved": "https://registry.npmjs.org/kvantorium-example-module/-/kvantorium-example-module-1.0.0.tgz",
      "integrity": "sha512-bputb7gFkspyb8AiZGaF7S2JEy+BUqj6T0wrids827WETBKxxKXbCK9xE83i8Ppm7EH0nqYqBwW+AeSa6OlMfA=="
    }
  }
}
